<?xml version="1.0" encoding="utf-8"?>
<Project ToolsVersion="4.0" xmlns="http://schemas.microsoft.com/developer/msbuild/2003">
  <ItemGroup>
    <Filter Include="Source Files">
      <UniqueIdentifier>{4FC737F1-C7A5-4376-A066-2A32D752A2FF}</UniqueIdentifier>
      <Extensions>cpp;c;cc;cxx;def;odl;idl;hpj;bat;asm;asmx</Extensions>
    </Filter>
    <Filter Include="Source Files\Shader">
      <UniqueIdentifier>{18330eed-57d0-4d47-acff-12f23d371f39}</UniqueIdentifier>
    </Filter>
    <Filter Include="99.Default">
      <UniqueIdentifier>{5d5d7f61-8fcc-40aa-83bf-6b35a3c8bbed}</UniqueIdentifier>
    </Filter>
    <Filter Include="99.Header">
      <UniqueIdentifier>{93995380-89BD-4b04-88EB-625FBE52EBFB}</UniqueIdentifier>
      <Extensions>h;hh;hpp;hxx;hm;inl;inc;ipp;xsd</Extensions>
    </Filter>
    <Filter Include="Source Files\Timer">
      <UniqueIdentifier>{4ff35bfa-0749-4fe7-a2db-13293588d03f}</UniqueIdentifier>
    </Filter>
    <Filter Include="Source Files\Camera">
      <UniqueIdentifier>{f612d742-811d-42a4-8ab9-b39ab39c160d}</UniqueIdentifier>
    </Filter>
    <Filter Include="Source Files\D3D">
      <UniqueIdentifier>{d1cb2a34-062d-4bc3-8790-3efc6a4e04eb}</UniqueIdentifier>
    </Filter>
    <Filter Include="Source Files\Object">
      <UniqueIdentifier>{27c951dd-e8d8-489b-87d8-cb2238b6c329}</UniqueIdentifier>
    </Filter>
    <Filter Include="Source Files\Default">
      <UniqueIdentifier>{f3f7c9ea-e724-481c-ad5b-3b9404f9fc29}</UniqueIdentifier>
    </Filter>
    <Filter Include="Source Files\Geometry">
      <UniqueIdentifier>{fdc8a8dc-5143-40f1-8b36-cf1a74868726}</UniqueIdentifier>
    </Filter>
    <Filter Include="Source Files\Math">
      <UniqueIdentifier>{3b7b0922-2c21-46b7-bca1-7f28ca4c1581}</UniqueIdentifier>
    </Filter>
    <Filter Include="Source Files\Input">
      <UniqueIdentifier>{c3d7af06-cec0-4aac-9478-aa8e00da215a}</UniqueIdentifier>
    </Filter>
    <Filter Include="Source Files\00.MainApp">
      <UniqueIdentifier>{82c3b2d7-d2ea-47f6-9119-24e84a496a0d}</UniqueIdentifier>
    </Filter>
  </ItemGroup>
  <ItemGroup>
    <ClInclude Include="stdafx.h">
      <Filter>99.Default</Filter>
    </ClInclude>
    <ClInclude Include="targetver.h">
      <Filter>99.Default</Filter>
    </ClInclude>
    <ClInclude Include="Struct.h">
      <Filter>99.Header</Filter>
    </ClInclude>
    <ClInclude Include="Include.h">
      <Filter>99.Header</Filter>
    </ClInclude>
    <ClInclude Include="GameTimer.h">
      <Filter>Source Files\Timer</Filter>
    </ClInclude>
    <ClInclude Include="Camera.h">
      <Filter>Source Files\Camera</Filter>
    </ClInclude>
    <ClInclude Include="DirectXProject.h">
      <Filter>99.Default</Filter>
    </ClInclude>
    <ClInclude Include="d3dApp.h">
      <Filter>Source Files\D3D</Filter>
    </ClInclude>
    <ClInclude Include="d3dUtil.h">
      <Filter>Source Files\D3D</Filter>
    </ClInclude>
    <ClInclude Include="d3dx12.h">
      <Filter>Source Files\D3D</Filter>
    </ClInclude>
    <ClInclude Include="DDSTextureLoader.h">
      <Filter>Source Files\D3D</Filter>
    </ClInclude>
    <ClInclude Include="Waves.h">
      <Filter>Source Files\Object</Filter>
    </ClInclude>
    <ClInclude Include="GeometryGenerator.h">
      <Filter>Source Files\Geometry</Filter>
    </ClInclude>
    <ClInclude Include="MathHelper.h">
      <Filter>Source Files\Math</Filter>
    </ClInclude>
    <ClInclude Include="Macro.h">
      <Filter>99.Header</Filter>
    </ClInclude>
    <ClInclude Include="Value.h">
      <Filter>99.Header</Filter>
    </ClInclude>
    <ClInclude Include="Resource.h">
      <Filter>Source Files\Default</Filter>
    </ClInclude>
    <ClInclude Include="Enum.h">
      <Filter>99.Header</Filter>
    </ClInclude>
    <ClInclude Include="Function.h">
      <Filter>99.Header</Filter>
    </ClInclude>
    <ClInclude Include="Functor.h">
      <Filter>99.Header</Filter>
    </ClInclude>
    <ClInclude Include="Input.h">
      <Filter>Source Files\Input</Filter>
    </ClInclude>
    <ClInclude Include="MainApp.h">
      <Filter>Source Files\00.MainApp</Filter>
    </ClInclude>
  </ItemGroup>
  <ItemGroup>
    <ClCompile Include="stdafx.cpp">
      <Filter>99.Default</Filter>
    </ClCompile>
    <ClCompile Include="GameTimer.cpp">
      <Filter>Source Files\Timer</Filter>
    </ClCompile>
    <ClCompile Include="Camera.cpp">
      <Filter>Source Files\Camera</Filter>
    </ClCompile>
    <ClCompile Include="DirectXProject.cpp">
      <Filter>99.Default</Filter>
    </ClCompile>
    <ClCompile Include="d3dApp.cpp">
      <Filter>Source Files\D3D</Filter>
    </ClCompile>
    <ClCompile Include="d3dUtil.cpp">
      <Filter>Source Files\D3D</Filter>
    </ClCompile>
    <ClCompile Include="DDSTextureLoader.cpp">
      <Filter>Source Files\D3D</Filter>
    </ClCompile>
    <ClCompile Include="Waves.cpp">
      <Filter>Source Files\Object</Filter>
    </ClCompile>
    <ClCompile Include="GeometryGenerator.cpp">
      <Filter>Source Files\Geometry</Filter>
    </ClCompile>
    <ClCompile Include="MathHelper.cpp">
      <Filter>Source Files\Math</Filter>
    </ClCompile>
    <ClCompile Include="Input.cpp">
      <Filter>Source Files\Input</Filter>
    </ClCompile>
    <ClCompile Include="MainApp.cpp">
      <Filter>Source Files\00.MainApp</Filter>
    </ClCompile>
  </ItemGroup>
  <ItemGroup>
    <Image Include="DirectXProject.ico">
      <Filter>99.Default</Filter>
    </Image>
    <Image Include="small.ico">
      <Filter>99.Default</Filter>
    </Image>
  </ItemGroup>
  <ItemGroup>
    <ResourceCompile Include="DirectXProject.rc">
      <Filter>99.Default</Filter>
    </ResourceCompile>
  </ItemGroup>
</Project>